
Microsoft Visual Studio Solution File, Format Version 12.00
# Visual Studio Version 17
VisualStudioVersion = 17.0.31903.59
MinimumVisualStudioVersion = 10.0.40219.1
Project("{FAE04EC0-301F-11D3-BF4B-00C04F79EFBC}") = "DOTNET_BASE.API", "DOTNET_BASE.API\DOTNET_BASE.API.csproj", "{8EEDB737-1365-4668-87DD-BCD33E9A21CA}"
EndProject
Project("{FAE04EC0-301F-11D3-BF4B-00C04F79EFBC}") = "DOTNET_BASE.APPLICATION", "DOTNET_BASE.APPLICATION\DOTNET_BASE.APPLICATION.csproj", "{27E22011-33E6-46A9-9AED-413ED1882DE7}"
EndProject
Project("{FAE04EC0-301F-11D3-BF4B-00C04F79EFBC}") = "DOTNET_BASE.INFRASTRUCTURE", "DOTNET_BASE.INFRASTRUCTURE\DOTNET_BASE.INFRASTRUCTURE.csproj", "{19E82949-29BE-47DE-A3CA-61ED3D46EAF8}"
EndProject
Project("{FAE04EC0-301F-11D3-BF4B-00C04F79EFBC}") = "DOTNET_BASE.CORE", "DOTNET_BASE.CORE\DOTNET_BASE.CORE.csproj", "{162D1747-ADFA-4AC7-9027-054BB18C946D}"
EndProject
Global
	GlobalSection(SolutionConfigurationPlatforms) = preSolution
		Debug|Any CPU = Debug|Any CPU
		Debug|x64 = Debug|x64
		Debug|x86 = Debug|x86
		Release|Any CPU = Release|Any CPU
		Release|x64 = Release|x64
		Release|x86 = Release|x86
	EndGlobalSection
	GlobalSection(ProjectConfigurationPlatforms) = postSolution
		{8EEDB737-1365-4668-87DD-BCD33E9A21CA}.Debug|Any CPU.ActiveCfg = Debug|Any CPU
		{8EEDB737-1365-4668-87DD-BCD33E9A21CA}.Debug|Any CPU.Build.0 = Debug|Any CPU
		{8EEDB737-1365-4668-87DD-BCD33E9A21CA}.Debug|x64.ActiveCfg = Debug|Any CPU
		{8EEDB737-1365-4668-87DD-BCD33E9A21CA}.Debug|x64.Build.0 = Debug|Any CPU
		{8EEDB737-1365-4668-87DD-BCD33E9A21CA}.Debug|x86.ActiveCfg = Debug|Any CPU
		{8EEDB737-1365-4668-87DD-BCD33E9A21CA}.Debug|x86.Build.0 = Debug|Any CPU
		{8EEDB737-1365-4668-87DD-BCD33E9A21CA}.Release|Any CPU.ActiveCfg = Release|Any CPU
		{8EEDB737-1365-4668-87DD-BCD33E9A21CA}.Release|Any CPU.Build.0 = Release|Any CPU
		{8EEDB737-1365-4668-87DD-BCD33E9A21CA}.Release|x64.ActiveCfg = Release|Any CPU
		{8EEDB737-1365-4668-87DD-BCD33E9A21CA}.Release|x64.Build.0 = Release|Any CPU
		{8EEDB737-1365-4668-87DD-BCD33E9A21CA}.Release|x86.ActiveCfg = Release|Any CPU
		{8EEDB737-1365-4668-87DD-BCD33E9A21CA}.Release|x86.Build.0 = Release|Any CPU
		{27E22011-33E6-46A9-9AED-413ED1882DE7}.Debug|Any CPU.ActiveCfg = Debug|Any CPU
		{27E22011-33E6-46A9-9AED-413ED1882DE7}.Debug|Any CPU.Build.0 = Debug|Any CPU
		{27E22011-33E6-46A9-9AED-413ED1882DE7}.Debug|x64.ActiveCfg = Debug|Any CPU
		{27E22011-33E6-46A9-9AED-413ED1882DE7}.Debug|x64.Build.0 = Debug|Any CPU
		{27E22011-33E6-46A9-9AED-413ED1882DE7}.Debug|x86.ActiveCfg = Debug|Any CPU
		{27E22011-33E6-46A9-9AED-413ED1882DE7}.Debug|x86.Build.0 = Debug|Any CPU
		{27E22011-33E6-46A9-9AED-413ED1882DE7}.Release|Any CPU.ActiveCfg = Release|Any CPU
		{27E22011-33E6-46A9-9AED-413ED1882DE7}.Release|Any CPU.Build.0 = Release|Any CPU
		{27E22011-33E6-46A9-9AED-413ED1882DE7}.Release|x64.ActiveCfg = Release|Any CPU
		{27E22011-33E6-46A9-9AED-413ED1882DE7}.Release|x64.Build.0 = Release|Any CPU
		{27E22011-33E6-46A9-9AED-413ED1882DE7}.Release|x86.ActiveCfg = Release|Any CPU
		{27E22011-33E6-46A9-9AED-413ED1882DE7}.Release|x86.Build.0 = Release|Any CPU
		{19E82949-29BE-47DE-A3CA-61ED3D46EAF8}.Debug|Any CPU.ActiveCfg = Debug|Any CPU
		{19E82949-29BE-47DE-A3CA-61ED3D46EAF8}.Debug|Any CPU.Build.0 = Debug|Any CPU
		{19E82949-29BE-47DE-A3CA-61ED3D46EAF8}.Debug|x64.ActiveCfg = Debug|Any CPU
		{19E82949-29BE-47DE-A3CA-61ED3D46EAF8}.Debug|x64.Build.0 = Debug|Any CPU
		{19E82949-29BE-47DE-A3CA-61ED3D46EAF8}.Debug|x86.ActiveCfg = Debug|Any CPU
		{19E82949-29BE-47DE-A3CA-61ED3D46EAF8}.Debug|x86.Build.0 = Debug|Any CPU
		{19E82949-29BE-47DE-A3CA-61ED3D46EAF8}.Release|Any CPU.ActiveCfg = Release|Any CPU
		{19E82949-29BE-47DE-A3CA-61ED3D46EAF8}.Release|Any CPU.Build.0 = Release|Any CPU
		{19E82949-29BE-47DE-A3CA-61ED3D46EAF8}.Release|x64.ActiveCfg = Release|Any CPU
		{19E82949-29BE-47DE-A3CA-61ED3D46EAF8}.Release|x64.Build.0 = Release|Any CPU
		{19E82949-29BE-47DE-A3CA-61ED3D46EAF8}.Release|x86.ActiveCfg = Release|Any CPU
		{19E82949-29BE-47DE-A3CA-61ED3D46EAF8}.Release|x86.Build.0 = Release|Any CPU
		{162D1747-ADFA-4AC7-9027-054BB18C946D}.Debug|Any CPU.ActiveCfg = Debug|Any CPU
		{162D1747-ADFA-4AC7-9027-054BB18C946D}.Debug|Any CPU.Build.0 = Debug|Any CPU
		{162D1747-ADFA-4AC7-9027-054BB18C946D}.Debug|x64.ActiveCfg = Debug|Any CPU
		{162D1747-ADFA-4AC7-9027-054BB18C946D}.Debug|x64.Build.0 = Debug|Any CPU
		{162D1747-ADFA-4AC7-9027-054BB18C946D}.Debug|x86.ActiveCfg = Debug|Any CPU
		{162D1747-ADFA-4AC7-9027-054BB18C946D}.Debug|x86.Build.0 = Debug|Any CPU
		{162D1747-ADFA-4AC7-9027-054BB18C946D}.Release|Any CPU.ActiveCfg = Release|Any CPU
		{162D1747-ADFA-4AC7-9027-054BB18C946D}.Release|Any CPU.Build.0 = Release|Any CPU
		{162D1747-ADFA-4AC7-9027-054BB18C946D}.Release|x64.ActiveCfg = Release|Any CPU
		{162D1747-ADFA-4AC7-9027-054BB18C946D}.Release|x64.Build.0 = Release|Any CPU
		{162D1747-ADFA-4AC7-9027-054BB18C946D}.Release|x86.ActiveCfg = Release|Any CPU
		{162D1747-ADFA-4AC7-9027-054BB18C946D}.Release|x86.Build.0 = Release|Any CPU
	EndGlobalSection
	GlobalSection(SolutionProperties) = preSolution
		HideSolutionNode = FALSE
	EndGlobalSection
EndGlobal
